
Microsoft Visual Studio Solution File, Format Version 12.00
# Visual Studio Version 16
VisualStudioVersion = 16.0.30517.126
MinimumVisualStudioVersion = 10.0.40219.1
Project("{FAE04EC0-301F-11D3-BF4B-00C04F79EFBC}") = "SimpleCollectionApplication", "SimpleCollectionApplication\SimpleCollectionApplication.csproj", "{BB1D3CCE-BD3F-4D9C-A3DF-E5372BF94DB9}"
EndProject
Global
	GlobalSection(SolutionConfigurationPlatforms) = preSolution
		Debug|Any CPU = Debug|Any CPU
		Release|Any CPU = Release|Any CPU
	EndGlobalSection
	GlobalSection(ProjectConfigurationPlatforms) = postSolution
		{BB1D3CCE-BD3F-4D9C-A3DF-E5372BF94DB9}.Debug|Any CPU.ActiveCfg = Debug|Any CPU
		{BB1D3CCE-BD3F-4D9C-A3DF-E5372BF94DB9}.Debug|Any CPU.Build.0 = Debug|Any CPU
		{BB1D3CCE-BD3F-4D9C-A3DF-E5372BF94DB9}.Release|Any CPU.ActiveCfg = Release|Any CPU
		{BB1D3CCE-BD3F-4D9C-A3DF-E5372BF94DB9}.Release|Any CPU.Build.0 = Release|Any CPU
	EndGlobalSection
	GlobalSection(SolutionProperties) = preSolution
		HideSolutionNode = FALSE
	EndGlobalSection
	GlobalSection(ExtensibilityGlobals) = postSolution
		SolutionGuid = {57196B48-E315-45DC-9D6B-7E98F86C2C30}
	EndGlobalSection
EndGlobal
